
Microsoft Visual Studio Solution File, Format Version 12.00
# Visual Studio 15
VisualStudioVersion = 15.0.26730.10
MinimumVisualStudioVersion = 10.0.40219.1
Project("{D954291E-2A0B-460D-934E-DC6B0785DB48}") = "ESBX", "ESBX\ESBX\ESBX.shproj", "{90FD2580-CFED-4555-828E-33D641D6200B}"
EndProject
Project("{FAE04EC0-301F-11D3-BF4B-00C04F79EFBC}") = "ESBX.Android", "ESBX\ESBX.Android\ESBX.Android.csproj", "{E0A820A4-ABD9-4A6B-94C2-3B1F0BE23A08}"
EndProject
Project("{FAE04EC0-301F-11D3-BF4B-00C04F79EFBC}") = "ESBX.iOS", "ESBX\ESBX.iOS\ESBX.iOS.csproj", "{0797173E-737B-4252-9100-12A4483B9EA7}"
EndProject
Project("{FAE04EC0-301F-11D3-BF4B-00C04F79EFBC}") = "ESBX.UWP", "ESBX\ESBX.UWP\ESBX.UWP.csproj", "{8D279593-5D64-4E17-86CE-ACC9F01C02AD}"
EndProject
Project("{FAE04EC0-301F-11D3-BF4B-00C04F79EFBC}") = "ESBX_db", "ESBX_db\ESBX_db.csproj", "{1B5E679D-1049-42EA-8DA9-A9DF8B47B1D5}"
EndProject
Project("{FAE04EC0-301F-11D3-BF4B-00C04F79EFBC}") = "ESBX_API", "ESBX_API\ESBX_API.csproj", "{9AD9B949-7F4E-4E00-BDA3-7A0884875046}"
EndProject
Project("{FAE04EC0-301F-11D3-BF4B-00C04F79EFBC}") = "ESBX_Client", "ESBX_Client\ESBX_Client.csproj", "{66B35F7A-F61A-495A-B9FB-82EC0CDACAC5}"
EndProject
Project("{FAE04EC0-301F-11D3-BF4B-00C04F79EFBC}") = "ESBX_MyPLC", "ESBX_MyPLC\ESBX_MyPLC.csproj", "{2E00EC40-83FA-4FD5-A2FF-2DD81FA8F835}"
EndProject
Global
	GlobalSection(SharedMSBuildProjectFiles) = preSolution
		ESBX\ESBX\ESBX.projitems*{0797173e-737b-4252-9100-12a4483b9ea7}*SharedItemsImports = 4
		ESBX\ESBX\ESBX.projitems*{8d279593-5d64-4e17-86ce-acc9f01c02ad}*SharedItemsImports = 4
		ESBX\ESBX\ESBX.projitems*{90fd2580-cfed-4555-828e-33d641d6200b}*SharedItemsImports = 13
		ESBX\ESBX\ESBX.projitems*{e0a820a4-abd9-4a6b-94c2-3b1f0be23a08}*SharedItemsImports = 4
	EndGlobalSection
	GlobalSection(SolutionConfigurationPlatforms) = preSolution
		Ad-Hoc|Any CPU = Ad-Hoc|Any CPU
		Ad-Hoc|ARM = Ad-Hoc|ARM
		Ad-Hoc|iPhone = Ad-Hoc|iPhone
		Ad-Hoc|iPhoneSimulator = Ad-Hoc|iPhoneSimulator
		Ad-Hoc|x64 = Ad-Hoc|x64
		Ad-Hoc|x86 = Ad-Hoc|x86
		AppStore|Any CPU = AppStore|Any CPU
		AppStore|ARM = AppStore|ARM
		AppStore|iPhone = AppStore|iPhone
		AppStore|iPhoneSimulator = AppStore|iPhoneSimulator
		AppStore|x64 = AppStore|x64
		AppStore|x86 = AppStore|x86
		Debug|Any CPU = Debug|Any CPU
		Debug|ARM = Debug|ARM
		Debug|iPhone = Debug|iPhone
		Debug|iPhoneSimulator = Debug|iPhoneSimulator
		Debug|x64 = Debug|x64
		Debug|x86 = Debug|x86
		Release|Any CPU = Release|Any CPU
		Release|ARM = Release|ARM
		Release|iPhone = Release|iPhone
		Release|iPhoneSimulator = Release|iPhoneSimulator
		Release|x64 = Release|x64
		Release|x86 = Release|x86
	EndGlobalSection
	GlobalSection(ProjectConfigurationPlatforms) = postSolution
		{E0A820A4-ABD9-4A6B-94C2-3B1F0BE23A08}.Ad-Hoc|Any CPU.ActiveCfg = Release|Any CPU
		{E0A820A4-ABD9-4A6B-94C2-3B1F0BE23A08}.Ad-Hoc|Any CPU.Build.0 = Release|Any CPU
		{E0A820A4-ABD9-4A6B-94C2-3B1F0BE23A08}.Ad-Hoc|Any CPU.Deploy.0 = Release|Any CPU
		{E0A820A4-ABD9-4A6B-94C2-3B1F0BE23A08}.Ad-Hoc|ARM.ActiveCfg = Release|Any CPU
		{E0A820A4-ABD9-4A6B-94C2-3B1F0BE23A08}.Ad-Hoc|ARM.Build.0 = Release|Any CPU
		{E0A820A4-ABD9-4A6B-94C2-3B1F0BE23A08}.Ad-Hoc|ARM.Deploy.0 = Release|Any CPU
		{E0A820A4-ABD9-4A6B-94C2-3B1F0BE23A08}.Ad-Hoc|iPhone.ActiveCfg = Release|Any CPU
		{E0A820A4-ABD9-4A6B-94C2-3B1F0BE23A08}.Ad-Hoc|iPhone.Build.0 = Release|Any CPU
		{E0A820A4-ABD9-4A6B-94C2-3B1F0BE23A08}.Ad-Hoc|iPhone.Deploy.0 = Release|Any CPU
		{E0A820A4-ABD9-4A6B-94C2-3B1F0BE23A08}.Ad-Hoc|iPhoneSimulator.ActiveCfg = Release|Any CPU
		{E0A820A4-ABD9-4A6B-94C2-3B1F0BE23A08}.Ad-Hoc|iPhoneSimulator.Build.0 = Release|Any CPU
		{E0A820A4-ABD9-4A6B-94C2-3B1F0BE23A08}.Ad-Hoc|iPhoneSimulator.Deploy.0 = Release|Any CPU
		{E0A820A4-ABD9-4A6B-94C2-3B1F0BE23A08}.Ad-Hoc|x64.ActiveCfg = Release|Any CPU
		{E0A820A4-ABD9-4A6B-94C2-3B1F0BE23A08}.Ad-Hoc|x64.Build.0 = Release|Any CPU
		{E0A820A4-ABD9-4A6B-94C2-3B1F0BE23A08}.Ad-Hoc|x64.Deploy.0 = Release|Any CPU
		{E0A820A4-ABD9-4A6B-94C2-3B1F0BE23A08}.Ad-Hoc|x86.ActiveCfg = Release|Any CPU
		{E0A820A4-ABD9-4A6B-94C2-3B1F0BE23A08}.Ad-Hoc|x86.Build.0 = Release|Any CPU
		{E0A820A4-ABD9-4A6B-94C2-3B1F0BE23A08}.Ad-Hoc|x86.Deploy.0 = Release|Any CPU
		{E0A820A4-ABD9-4A6B-94C2-3B1F0BE23A08}.AppStore|Any CPU.ActiveCfg = Release|Any CPU
		{E0A820A4-ABD9-4A6B-94C2-3B1F0BE23A08}.AppStore|Any CPU.Build.0 = Release|Any CPU
		{E0A820A4-ABD9-4A6B-94C2-3B1F0BE23A08}.AppStore|Any CPU.Deploy.0 = Release|Any CPU
		{E0A820A4-ABD9-4A6B-94C2-3B1F0BE23A08}.AppStore|ARM.ActiveCfg = Release|Any CPU
		{E0A820A4-ABD9-4A6B-94C2-3B1F0BE23A08}.AppStore|ARM.Build.0 = Release|Any CPU
		{E0A820A4-ABD9-4A6B-94C2-3B1F0BE23A08}.AppStore|ARM.Deploy.0 = Release|Any CPU
		{E0A820A4-ABD9-4A6B-94C2-3B1F0BE23A08}.AppStore|iPhone.ActiveCfg = Release|Any CPU
		{E0A820A4-ABD9-4A6B-94C2-3B1F0BE23A08}.AppStore|iPhone.Build.0 = Release|Any CPU
		{E0A820A4-ABD9-4A6B-94C2-3B1F0BE23A08}.AppStore|iPhone.Deploy.0 = Release|Any CPU
		{E0A820A4-ABD9-4A6B-94C2-3B1F0BE23A08}.AppStore|iPhoneSimulator.ActiveCfg = Release|Any CPU
		{E0A820A4-ABD9-4A6B-94C2-3B1F0BE23A08}.AppStore|iPhoneSimulator.Build.0 = Release|Any CPU
		{E0A820A4-ABD9-4A6B-94C2-3B1F0BE23A08}.AppStore|iPhoneSimulator.Deploy.0 = Release|Any CPU
		{E0A820A4-ABD9-4A6B-94C2-3B1F0BE23A08}.AppStore|x64.ActiveCfg = Release|Any CPU
		{E0A820A4-ABD9-4A6B-94C2-3B1F0BE23A08}.AppStore|x64.Build.0 = Release|Any CPU
		{E0A820A4-ABD9-4A6B-94C2-3B1F0BE23A08}.AppStore|x64.Deploy.0 = Release|Any CPU
		{E0A820A4-ABD9-4A6B-94C2-3B1F0BE23A08}.AppStore|x86.ActiveCfg = Release|Any CPU
		{E0A820A4-ABD9-4A6B-94C2-3B1F0BE23A08}.AppStore|x86.Build.0 = Release|Any CPU
		{E0A820A4-ABD9-4A6B-94C2-3B1F0BE23A08}.AppStore|x86.Deploy.0 = Release|Any CPU
		{E0A820A4-ABD9-4A6B-94C2-3B1F0BE23A08}.Debug|Any CPU.ActiveCfg = Debug|Any CPU
		{E0A820A4-ABD9-4A6B-94C2-3B1F0BE23A08}.Debug|Any CPU.Build.0 = Debug|Any CPU
		{E0A820A4-ABD9-4A6B-94C2-3B1F0BE23A08}.Debug|Any CPU.Deploy.0 = Debug|Any CPU
		{E0A820A4-ABD9-4A6B-94C2-3B1F0BE23A08}.Debug|ARM.ActiveCfg = Debug|Any CPU
		{E0A820A4-ABD9-4A6B-94C2-3B1F0BE23A08}.Debug|ARM.Build.0 = Debug|Any CPU
		{E0A820A4-ABD9-4A6B-94C2-3B1F0BE23A08}.Debug|ARM.Deploy.0 = Debug|Any CPU
		{E0A820A4-ABD9-4A6B-94C2-3B1F0BE23A08}.Debug|iPhone.ActiveCfg = Debug|Any CPU
		{E0A820A4-ABD9-4A6B-94C2-3B1F0BE23A08}.Debug|iPhone.Build.0 = Debug|Any CPU
		{E0A820A4-ABD9-4A6B-94C2-3B1F0BE23A08}.Debug|iPhone.Deploy.0 = Debug|Any CPU
		{E0A820A4-ABD9-4A6B-94C2-3B1F0BE23A08}.Debug|iPhoneSimulator.ActiveCfg = Debug|Any CPU
		{E0A820A4-ABD9-4A6B-94C2-3B1F0BE23A08}.Debug|iPhoneSimulator.Build.0 = Debug|Any CPU
		{E0A820A4-ABD9-4A6B-94C2-3B1F0BE23A08}.Debug|iPhoneSimulator.Deploy.0 = Debug|Any CPU
		{E0A820A4-ABD9-4A6B-94C2-3B1F0BE23A08}.Debug|x64.ActiveCfg = Debug|Any CPU
		{E0A820A4-ABD9-4A6B-94C2-3B1F0BE23A08}.Debug|x64.Build.0 = Debug|Any CPU
		{E0A820A4-ABD9-4A6B-94C2-3B1F0BE23A08}.Debug|x64.Deploy.0 = Debug|Any CPU
		{E0A820A4-ABD9-4A6B-94C2-3B1F0BE23A08}.Debug|x86.ActiveCfg = Debug|Any CPU
		{E0A820A4-ABD9-4A6B-94C2-3B1F0BE23A08}.Debug|x86.Build.0 = Debug|Any CPU
		{E0A820A4-ABD9-4A6B-94C2-3B1F0BE23A08}.Debug|x86.Deploy.0 = Debug|Any CPU
		{E0A820A4-ABD9-4A6B-94C2-3B1F0BE23A08}.Release|Any CPU.ActiveCfg = Release|Any CPU
		{E0A820A4-ABD9-4A6B-94C2-3B1F0BE23A08}.Release|Any CPU.Build.0 = Release|Any CPU
		{E0A820A4-ABD9-4A6B-94C2-3B1F0BE23A08}.Release|Any CPU.Deploy.0 = Release|Any CPU
		{E0A820A4-ABD9-4A6B-94C2-3B1F0BE23A08}.Release|ARM.ActiveCfg = Release|Any CPU
		{E0A820A4-ABD9-4A6B-94C2-3B1F0BE23A08}.Release|ARM.Build.0 = Release|Any CPU
		{E0A820A4-ABD9-4A6B-94C2-3B1F0BE23A08}.Release|ARM.Deploy.0 = Release|Any CPU
		{E0A820A4-ABD9-4A6B-94C2-3B1F0BE23A08}.Release|iPhone.ActiveCfg = Release|Any CPU
		{E0A820A4-ABD9-4A6B-94C2-3B1F0BE23A08}.Release|iPhone.Build.0 = Release|Any CPU
		{E0A820A4-ABD9-4A6B-94C2-3B1F0BE23A08}.Release|iPhone.Deploy.0 = Release|Any CPU
		{E0A820A4-ABD9-4A6B-94C2-3B1F0BE23A08}.Release|iPhoneSimulator.ActiveCfg = Release|Any CPU
		{E0A820A4-ABD9-4A6B-94C2-3B1F0BE23A08}.Release|iPhoneSimulator.Build.0 = Release|Any CPU
		{E0A820A4-ABD9-4A6B-94C2-3B1F0BE23A08}.Release|iPhoneSimulator.Deploy.0 = Release|Any CPU
		{E0A820A4-ABD9-4A6B-94C2-3B1F0BE23A08}.Release|x64.ActiveCfg = Release|Any CPU
		{E0A820A4-ABD9-4A6B-94C2-3B1F0BE23A08}.Release|x64.Build.0 = Release|Any CPU
		{E0A820A4-ABD9-4A6B-94C2-3B1F0BE23A08}.Release|x64.Deploy.0 = Release|Any CPU
		{E0A820A4-ABD9-4A6B-94C2-3B1F0BE23A08}.Release|x86.ActiveCfg = Release|Any CPU
		{E0A820A4-ABD9-4A6B-94C2-3B1F0BE23A08}.Release|x86.Build.0 = Release|Any CPU
		{E0A820A4-ABD9-4A6B-94C2-3B1F0BE23A08}.Release|x86.Deploy.0 = Release|Any CPU
		{0797173E-737B-4252-9100-12A4483B9EA7}.Ad-Hoc|Any CPU.ActiveCfg = Ad-Hoc|iPhone
		{0797173E-737B-4252-9100-12A4483B9EA7}.Ad-Hoc|ARM.ActiveCfg = Ad-Hoc|iPhone
		{0797173E-737B-4252-9100-12A4483B9EA7}.Ad-Hoc|iPhone.ActiveCfg = Ad-Hoc|iPhone
		{0797173E-737B-4252-9100-12A4483B9EA7}.Ad-Hoc|iPhone.Build.0 = Ad-Hoc|iPhone
		{0797173E-737B-4252-9100-12A4483B9EA7}.Ad-Hoc|iPhoneSimulator.ActiveCfg = Ad-Hoc|iPhoneSimulator
		{0797173E-737B-4252-9100-12A4483B9EA7}.Ad-Hoc|iPhoneSimulator.Build.0 = Ad-Hoc|iPhoneSimulator
		{0797173E-737B-4252-9100-12A4483B9EA7}.Ad-Hoc|x64.ActiveCfg = Ad-Hoc|iPhone
		{0797173E-737B-4252-9100-12A4483B9EA7}.Ad-Hoc|x86.ActiveCfg = Ad-Hoc|iPhone
		{0797173E-737B-4252-9100-12A4483B9EA7}.AppStore|Any CPU.ActiveCfg = AppStore|iPhone
		{0797173E-737B-4252-9100-12A4483B9EA7}.AppStore|ARM.ActiveCfg = AppStore|iPhone
		{0797173E-737B-4252-9100-12A4483B9EA7}.AppStore|iPhone.ActiveCfg = AppStore|iPhone
		{0797173E-737B-4252-9100-12A4483B9EA7}.AppStore|iPhone.Build.0 = AppStore|iPhone
		{0797173E-737B-4252-9100-12A4483B9EA7}.AppStore|iPhoneSimulator.ActiveCfg = AppStore|iPhoneSimulator
		{0797173E-737B-4252-9100-12A4483B9EA7}.AppStore|iPhoneSimulator.Build.0 = AppStore|iPhoneSimulator
		{0797173E-737B-4252-9100-12A4483B9EA7}.AppStore|x64.ActiveCfg = AppStore|iPhone
		{0797173E-737B-4252-9100-12A4483B9EA7}.AppStore|x86.ActiveCfg = AppStore|iPhone
		{0797173E-737B-4252-9100-12A4483B9EA7}.Debug|Any CPU.ActiveCfg = Debug|iPhone
		{0797173E-737B-4252-9100-12A4483B9EA7}.Debug|ARM.ActiveCfg = Debug|iPhone
		{0797173E-737B-4252-9100-12A4483B9EA7}.Debug|iPhone.ActiveCfg = Debug|iPhone
		{0797173E-737B-4252-9100-12A4483B9EA7}.Debug|iPhone.Build.0 = Debug|iPhone
		{0797173E-737B-4252-9100-12A4483B9EA7}.Debug|iPhoneSimulator.ActiveCfg = Debug|iPhoneSimulator
		{0797173E-737B-4252-9100-12A4483B9EA7}.Debug|iPhoneSimulator.Build.0 = Debug|iPhoneSimulator
		{0797173E-737B-4252-9100-12A4483B9EA7}.Debug|x64.ActiveCfg = Debug|iPhone
		{0797173E-737B-4252-9100-12A4483B9EA7}.Debug|x86.ActiveCfg = Debug|iPhone
		{0797173E-737B-4252-9100-12A4483B9EA7}.Release|Any CPU.ActiveCfg = Release|iPhone
		{0797173E-737B-4252-9100-12A4483B9EA7}.Release|ARM.ActiveCfg = Release|iPhone
		{0797173E-737B-4252-9100-12A4483B9EA7}.Release|iPhone.ActiveCfg = Release|iPhone
		{0797173E-737B-4252-9100-12A4483B9EA7}.Release|iPhone.Build.0 = Release|iPhone
		{0797173E-737B-4252-9100-12A4483B9EA7}.Release|iPhoneSimulator.ActiveCfg = Release|iPhoneSimulator
		{0797173E-737B-4252-9100-12A4483B9EA7}.Release|iPhoneSimulator.Build.0 = Release|iPhoneSimulator
		{0797173E-737B-4252-9100-12A4483B9EA7}.Release|x64.ActiveCfg = Release|iPhone
		{0797173E-737B-4252-9100-12A4483B9EA7}.Release|x86.ActiveCfg = Release|iPhone
		{8D279593-5D64-4E17-86CE-ACC9F01C02AD}.Ad-Hoc|Any CPU.ActiveCfg = Release|x86
		{8D279593-5D64-4E17-86CE-ACC9F01C02AD}.Ad-Hoc|Any CPU.Build.0 = Release|x86
		{8D279593-5D64-4E17-86CE-ACC9F01C02AD}.Ad-Hoc|Any CPU.Deploy.0 = Release|x86
		{8D279593-5D64-4E17-86CE-ACC9F01C02AD}.Ad-Hoc|ARM.ActiveCfg = Release|ARM
		{8D279593-5D64-4E17-86CE-ACC9F01C02AD}.Ad-Hoc|ARM.Build.0 = Release|ARM
		{8D279593-5D64-4E17-86CE-ACC9F01C02AD}.Ad-Hoc|ARM.Deploy.0 = Release|ARM
		{8D279593-5D64-4E17-86CE-ACC9F01C02AD}.Ad-Hoc|iPhone.ActiveCfg = Release|x86
		{8D279593-5D64-4E17-86CE-ACC9F01C02AD}.Ad-Hoc|iPhone.Build.0 = Release|x86
		{8D279593-5D64-4E17-86CE-ACC9F01C02AD}.Ad-Hoc|iPhone.Deploy.0 = Release|x86
		{8D279593-5D64-4E17-86CE-ACC9F01C02AD}.Ad-Hoc|iPhoneSimulator.ActiveCfg = Release|x86
		{8D279593-5D64-4E17-86CE-ACC9F01C02AD}.Ad-Hoc|iPhoneSimulator.Build.0 = Release|x86
		{8D279593-5D64-4E17-86CE-ACC9F01C02AD}.Ad-Hoc|iPhoneSimulator.Deploy.0 = Release|x86
		{8D279593-5D64-4E17-86CE-ACC9F01C02AD}.Ad-Hoc|x64.ActiveCfg = Release|x64
		{8D279593-5D64-4E17-86CE-ACC9F01C02AD}.Ad-Hoc|x64.Build.0 = Release|x64
		{8D279593-5D64-4E17-86CE-ACC9F01C02AD}.Ad-Hoc|x64.Deploy.0 = Release|x64
		{8D279593-5D64-4E17-86CE-ACC9F01C02AD}.Ad-Hoc|x86.ActiveCfg = Release|x86
		{8D279593-5D64-4E17-86CE-ACC9F01C02AD}.Ad-Hoc|x86.Build.0 = Release|x86
		{8D279593-5D64-4E17-86CE-ACC9F01C02AD}.Ad-Hoc|x86.Deploy.0 = Release|x86
		{8D279593-5D64-4E17-86CE-ACC9F01C02AD}.AppStore|Any CPU.ActiveCfg = Release|x86
		{8D279593-5D64-4E17-86CE-ACC9F01C02AD}.AppStore|Any CPU.Build.0 = Release|x86
		{8D279593-5D64-4E17-86CE-ACC9F01C02AD}.AppStore|Any CPU.Deploy.0 = Release|x86
		{8D279593-5D64-4E17-86CE-ACC9F01C02AD}.AppStore|ARM.ActiveCfg = Release|ARM
		{8D279593-5D64-4E17-86CE-ACC9F01C02AD}.AppStore|ARM.Build.0 = Release|ARM
		{8D279593-5D64-4E17-86CE-ACC9F01C02AD}.AppStore|ARM.Deploy.0 = Release|ARM
		{8D279593-5D64-4E17-86CE-ACC9F01C02AD}.AppStore|iPhone.ActiveCfg = Release|x86
		{8D279593-5D64-4E17-86CE-ACC9F01C02AD}.AppStore|iPhone.Build.0 = Release|x86
		{8D279593-5D64-4E17-86CE-ACC9F01C02AD}.AppStore|iPhone.Deploy.0 = Release|x86
		{8D279593-5D64-4E17-86CE-ACC9F01C02AD}.AppStore|iPhoneSimulator.ActiveCfg = Release|x86
		{8D279593-5D64-4E17-86CE-ACC9F01C02AD}.AppStore|iPhoneSimulator.Build.0 = Release|x86
		{8D279593-5D64-4E17-86CE-ACC9F01C02AD}.AppStore|iPhoneSimulator.Deploy.0 = Release|x86
		{8D279593-5D64-4E17-86CE-ACC9F01C02AD}.AppStore|x64.ActiveCfg = Release|x64
		{8D279593-5D64-4E17-86CE-ACC9F01C02AD}.AppStore|x64.Build.0 = Release|x64
		{8D279593-5D64-4E17-86CE-ACC9F01C02AD}.AppStore|x64.Deploy.0 = Release|x64
		{8D279593-5D64-4E17-86CE-ACC9F01C02AD}.AppStore|x86.ActiveCfg = Release|x86
		{8D279593-5D64-4E17-86CE-ACC9F01C02AD}.AppStore|x86.Build.0 = Release|x86
		{8D279593-5D64-4E17-86CE-ACC9F01C02AD}.AppStore|x86.Deploy.0 = Release|x86
		{8D279593-5D64-4E17-86CE-ACC9F01C02AD}.Debug|Any CPU.ActiveCfg = Debug|x86
		{8D279593-5D64-4E17-86CE-ACC9F01C02AD}.Debug|ARM.ActiveCfg = Debug|ARM
		{8D279593-5D64-4E17-86CE-ACC9F01C02AD}.Debug|ARM.Build.0 = Debug|ARM
		{8D279593-5D64-4E17-86CE-ACC9F01C02AD}.Debug|ARM.Deploy.0 = Debug|ARM
		{8D279593-5D64-4E17-86CE-ACC9F01C02AD}.Debug|iPhone.ActiveCfg = Debug|x86
		{8D279593-5D64-4E17-86CE-ACC9F01C02AD}.Debug|iPhoneSimulator.ActiveCfg = Debug|x86
		{8D279593-5D64-4E17-86CE-ACC9F01C02AD}.Debug|x64.ActiveCfg = Debug|x64
		{8D279593-5D64-4E17-86CE-ACC9F01C02AD}.Debug|x64.Build.0 = Debug|x64
		{8D279593-5D64-4E17-86CE-ACC9F01C02AD}.Debug|x64.Deploy.0 = Debug|x64
		{8D279593-5D64-4E17-86CE-ACC9F01C02AD}.Debug|x86.ActiveCfg = Debug|x86
		{8D279593-5D64-4E17-86CE-ACC9F01C02AD}.Debug|x86.Build.0 = Debug|x86
		{8D279593-5D64-4E17-86CE-ACC9F01C02AD}.Debug|x86.Deploy.0 = Debug|x86
		{8D279593-5D64-4E17-86CE-ACC9F01C02AD}.Release|Any CPU.ActiveCfg = Release|x86
		{8D279593-5D64-4E17-86CE-ACC9F01C02AD}.Release|ARM.ActiveCfg = Release|ARM
		{8D279593-5D64-4E17-86CE-ACC9F01C02AD}.Release|ARM.Build.0 = Release|ARM
		{8D279593-5D64-4E17-86CE-ACC9F01C02AD}.Release|ARM.Deploy.0 = Release|ARM
		{8D279593-5D64-4E17-86CE-ACC9F01C02AD}.Release|iPhone.ActiveCfg = Release|x86
		{8D279593-5D64-4E17-86CE-ACC9F01C02AD}.Release|iPhoneSimulator.ActiveCfg = Release|x86
		{8D279593-5D64-4E17-86CE-ACC9F01C02AD}.Release|x64.ActiveCfg = Release|x64
		{8D279593-5D64-4E17-86CE-ACC9F01C02AD}.Release|x64.Build.0 = Release|x64
		{8D279593-5D64-4E17-86CE-ACC9F01C02AD}.Release|x64.Deploy.0 = Release|x64
		{8D279593-5D64-4E17-86CE-ACC9F01C02AD}.Release|x86.ActiveCfg = Release|x86
		{8D279593-5D64-4E17-86CE-ACC9F01C02AD}.Release|x86.Build.0 = Release|x86
		{8D279593-5D64-4E17-86CE-ACC9F01C02AD}.Release|x86.Deploy.0 = Release|x86
		{1B5E679D-1049-42EA-8DA9-A9DF8B47B1D5}.Ad-Hoc|Any CPU.ActiveCfg = Release|Any CPU
		{1B5E679D-1049-42EA-8DA9-A9DF8B47B1D5}.Ad-Hoc|Any CPU.Build.0 = Release|Any CPU
		{1B5E679D-1049-42EA-8DA9-A9DF8B47B1D5}.Ad-Hoc|ARM.ActiveCfg = Release|Any CPU
		{1B5E679D-1049-42EA-8DA9-A9DF8B47B1D5}.Ad-Hoc|ARM.Build.0 = Release|Any CPU
		{1B5E679D-1049-42EA-8DA9-A9DF8B47B1D5}.Ad-Hoc|iPhone.ActiveCfg = Release|Any CPU
		{1B5E679D-1049-42EA-8DA9-A9DF8B47B1D5}.Ad-Hoc|iPhone.Build.0 = Release|Any CPU
		{1B5E679D-1049-42EA-8DA9-A9DF8B47B1D5}.Ad-Hoc|iPhoneSimulator.ActiveCfg = Release|Any CPU
		{1B5E679D-1049-42EA-8DA9-A9DF8B47B1D5}.Ad-Hoc|iPhoneSimulator.Build.0 = Release|Any CPU
		{1B5E679D-1049-42EA-8DA9-A9DF8B47B1D5}.Ad-Hoc|x64.ActiveCfg = Release|Any CPU
		{1B5E679D-1049-42EA-8DA9-A9DF8B47B1D5}.Ad-Hoc|x64.Build.0 = Release|Any CPU
		{1B5E679D-1049-42EA-8DA9-A9DF8B47B1D5}.Ad-Hoc|x86.ActiveCfg = Release|Any CPU
		{1B5E679D-1049-42EA-8DA9-A9DF8B47B1D5}.Ad-Hoc|x86.Build.0 = Release|Any CPU
		{1B5E679D-1049-42EA-8DA9-A9DF8B47B1D5}.AppStore|Any CPU.ActiveCfg = Release|Any CPU
		{1B5E679D-1049-42EA-8DA9-A9DF8B47B1D5}.AppStore|Any CPU.Build.0 = Release|Any CPU
		{1B5E679D-1049-42EA-8DA9-A9DF8B47B1D5}.AppStore|ARM.ActiveCfg = Release|Any CPU
		{1B5E679D-1049-42EA-8DA9-A9DF8B47B1D5}.AppStore|ARM.Build.0 = Release|Any CPU
		{1B5E679D-1049-42EA-8DA9-A9DF8B47B1D5}.AppStore|iPhone.ActiveCfg = Release|Any CPU
		{1B5E679D-1049-42EA-8DA9-A9DF8B47B1D5}.AppStore|iPhone.Build.0 = Release|Any CPU
		{1B5E679D-1049-42EA-8DA9-A9DF8B47B1D5}.AppStore|iPhoneSimulator.ActiveCfg = Release|Any CPU
		{1B5E679D-1049-42EA-8DA9-A9DF8B47B1D5}.AppStore|iPhoneSimulator.Build.0 = Release|Any CPU
		{1B5E679D-1049-42EA-8DA9-A9DF8B47B1D5}.AppStore|x64.ActiveCfg = Release|Any CPU
		{1B5E679D-1049-42EA-8DA9-A9DF8B47B1D5}.AppStore|x64.Build.0 = Release|Any CPU
		{1B5E679D-1049-42EA-8DA9-A9DF8B47B1D5}.AppStore|x86.ActiveCfg = Release|Any CPU
		{1B5E679D-1049-42EA-8DA9-A9DF8B47B1D5}.AppStore|x86.Build.0 = Release|Any CPU
		{1B5E679D-1049-42EA-8DA9-A9DF8B47B1D5}.Debug|Any CPU.ActiveCfg = Debug|Any CPU
		{1B5E679D-1049-42EA-8DA9-A9DF8B47B1D5}.Debug|Any CPU.Build.0 = Debug|Any CPU
		{1B5E679D-1049-42EA-8DA9-A9DF8B47B1D5}.Debug|ARM.ActiveCfg = Debug|Any CPU
		{1B5E679D-1049-42EA-8DA9-A9DF8B47B1D5}.Debug|ARM.Build.0 = Debug|Any CPU
		{1B5E679D-1049-42EA-8DA9-A9DF8B47B1D5}.Debug|iPhone.ActiveCfg = Debug|Any CPU
		{1B5E679D-1049-42EA-8DA9-A9DF8B47B1D5}.Debug|iPhone.Build.0 = Debug|Any CPU
		{1B5E679D-1049-42EA-8DA9-A9DF8B47B1D5}.Debug|iPhoneSimulator.ActiveCfg = Debug|Any CPU
		{1B5E679D-1049-42EA-8DA9-A9DF8B47B1D5}.Debug|iPhoneSimulator.Build.0 = Debug|Any CPU
		{1B5E679D-1049-42EA-8DA9-A9DF8B47B1D5}.Debug|x64.ActiveCfg = Debug|Any CPU
		{1B5E679D-1049-42EA-8DA9-A9DF8B47B1D5}.Debug|x64.Build.0 = Debug|Any CPU
		{1B5E679D-1049-42EA-8DA9-A9DF8B47B1D5}.Debug|x86.ActiveCfg = Debug|Any CPU
		{1B5E679D-1049-42EA-8DA9-A9DF8B47B1D5}.Debug|x86.Build.0 = Debug|Any CPU
		{1B5E679D-1049-42EA-8DA9-A9DF8B47B1D5}.Release|Any CPU.ActiveCfg = Release|Any CPU
		{1B5E679D-1049-42EA-8DA9-A9DF8B47B1D5}.Release|Any CPU.Build.0 = Release|Any CPU
		{1B5E679D-1049-42EA-8DA9-A9DF8B47B1D5}.Release|ARM.ActiveCfg = Release|Any CPU
		{1B5E679D-1049-42EA-8DA9-A9DF8B47B1D5}.Release|ARM.Build.0 = Release|Any CPU
		{1B5E679D-1049-42EA-8DA9-A9DF8B47B1D5}.Release|iPhone.ActiveCfg = Release|Any CPU
		{1B5E679D-1049-42EA-8DA9-A9DF8B47B1D5}.Release|iPhone.Build.0 = Release|Any CPU
		{1B5E679D-1049-42EA-8DA9-A9DF8B47B1D5}.Release|iPhoneSimulator.ActiveCfg = Release|Any CPU
		{1B5E679D-1049-42EA-8DA9-A9DF8B47B1D5}.Release|iPhoneSimulator.Build.0 = Release|Any CPU
		{1B5E679D-1049-42EA-8DA9-A9DF8B47B1D5}.Release|x64.ActiveCfg = Release|Any CPU
		{1B5E679D-1049-42EA-8DA9-A9DF8B47B1D5}.Release|x64.Build.0 = Release|Any CPU
		{1B5E679D-1049-42EA-8DA9-A9DF8B47B1D5}.Release|x86.ActiveCfg = Release|Any CPU
		{1B5E679D-1049-42EA-8DA9-A9DF8B47B1D5}.Release|x86.Build.0 = Release|Any CPU
		{9AD9B949-7F4E-4E00-BDA3-7A0884875046}.Ad-Hoc|Any CPU.ActiveCfg = Release|Any CPU
		{9AD9B949-7F4E-4E00-BDA3-7A0884875046}.Ad-Hoc|Any CPU.Build.0 = Release|Any CPU
		{9AD9B949-7F4E-4E00-BDA3-7A0884875046}.Ad-Hoc|ARM.ActiveCfg = Release|Any CPU
		{9AD9B949-7F4E-4E00-BDA3-7A0884875046}.Ad-Hoc|ARM.Build.0 = Release|Any CPU
		{9AD9B949-7F4E-4E00-BDA3-7A0884875046}.Ad-Hoc|iPhone.ActiveCfg = Release|Any CPU
		{9AD9B949-7F4E-4E00-BDA3-7A0884875046}.Ad-Hoc|iPhone.Build.0 = Release|Any CPU
		{9AD9B949-7F4E-4E00-BDA3-7A0884875046}.Ad-Hoc|iPhoneSimulator.ActiveCfg = Release|Any CPU
		{9AD9B949-7F4E-4E00-BDA3-7A0884875046}.Ad-Hoc|iPhoneSimulator.Build.0 = Release|Any CPU
		{9AD9B949-7F4E-4E00-BDA3-7A0884875046}.Ad-Hoc|x64.ActiveCfg = Release|Any CPU
		{9AD9B949-7F4E-4E00-BDA3-7A0884875046}.Ad-Hoc|x64.Build.0 = Release|Any CPU
		{9AD9B949-7F4E-4E00-BDA3-7A0884875046}.Ad-Hoc|x86.ActiveCfg = Release|Any CPU
		{9AD9B949-7F4E-4E00-BDA3-7A0884875046}.Ad-Hoc|x86.Build.0 = Release|Any CPU
		{9AD9B949-7F4E-4E00-BDA3-7A0884875046}.AppStore|Any CPU.ActiveCfg = Release|Any CPU
		{9AD9B949-7F4E-4E00-BDA3-7A0884875046}.AppStore|Any CPU.Build.0 = Release|Any CPU
		{9AD9B949-7F4E-4E00-BDA3-7A0884875046}.AppStore|ARM.ActiveCfg = Release|Any CPU
		{9AD9B949-7F4E-4E00-BDA3-7A0884875046}.AppStore|ARM.Build.0 = Release|Any CPU
		{9AD9B949-7F4E-4E00-BDA3-7A0884875046}.AppStore|iPhone.ActiveCfg = Release|Any CPU
		{9AD9B949-7F4E-4E00-BDA3-7A0884875046}.AppStore|iPhone.Build.0 = Release|Any CPU
		{9AD9B949-7F4E-4E00-BDA3-7A0884875046}.AppStore|iPhoneSimulator.ActiveCfg = Release|Any CPU
		{9AD9B949-7F4E-4E00-BDA3-7A0884875046}.AppStore|iPhoneSimulator.Build.0 = Release|Any CPU
		{9AD9B949-7F4E-4E00-BDA3-7A0884875046}.AppStore|x64.ActiveCfg = Release|Any CPU
		{9AD9B949-7F4E-4E00-BDA3-7A0884875046}.AppStore|x64.Build.0 = Release|Any CPU
		{9AD9B949-7F4E-4E00-BDA3-7A0884875046}.AppStore|x86.ActiveCfg = Release|Any CPU
		{9AD9B949-7F4E-4E00-BDA3-7A0884875046}.AppStore|x86.Build.0 = Release|Any CPU
		{9AD9B949-7F4E-4E00-BDA3-7A0884875046}.Debug|Any CPU.ActiveCfg = Debug|Any CPU
		{9AD9B949-7F4E-4E00-BDA3-7A0884875046}.Debug|Any CPU.Build.0 = Debug|Any CPU
		{9AD9B949-7F4E-4E00-BDA3-7A0884875046}.Debug|ARM.ActiveCfg = Debug|Any CPU
		{9AD9B949-7F4E-4E00-BDA3-7A0884875046}.Debug|ARM.Build.0 = Debug|Any CPU
		{9AD9B949-7F4E-4E00-BDA3-7A0884875046}.Debug|iPhone.ActiveCfg = Debug|Any CPU
		{9AD9B949-7F4E-4E00-BDA3-7A0884875046}.Debug|iPhone.Build.0 = Debug|Any CPU
		{9AD9B949-7F4E-4E00-BDA3-7A0884875046}.Debug|iPhoneSimulator.ActiveCfg = Debug|Any CPU
		{9AD9B949-7F4E-4E00-BDA3-7A0884875046}.Debug|iPhoneSimulator.Build.0 = Debug|Any CPU
		{9AD9B949-7F4E-4E00-BDA3-7A0884875046}.Debug|x64.ActiveCfg = Debug|Any CPU
		{9AD9B949-7F4E-4E00-BDA3-7A0884875046}.Debug|x64.Build.0 = Debug|Any CPU
		{9AD9B949-7F4E-4E00-BDA3-7A0884875046}.Debug|x86.ActiveCfg = Debug|Any CPU
		{9AD9B949-7F4E-4E00-BDA3-7A0884875046}.Debug|x86.Build.0 = Debug|Any CPU
		{9AD9B949-7F4E-4E00-BDA3-7A0884875046}.Release|Any CPU.ActiveCfg = Release|Any CPU
		{9AD9B949-7F4E-4E00-BDA3-7A0884875046}.Release|Any CPU.Build.0 = Release|Any CPU
		{9AD9B949-7F4E-4E00-BDA3-7A0884875046}.Release|ARM.ActiveCfg = Release|Any CPU
		{9AD9B949-7F4E-4E00-BDA3-7A0884875046}.Release|ARM.Build.0 = Release|Any CPU
		{9AD9B949-7F4E-4E00-BDA3-7A0884875046}.Release|iPhone.ActiveCfg = Release|Any CPU
		{9AD9B949-7F4E-4E00-BDA3-7A0884875046}.Release|iPhone.Build.0 = Release|Any CPU
		{9AD9B949-7F4E-4E00-BDA3-7A0884875046}.Release|iPhoneSimulator.ActiveCfg = Release|Any CPU
		{9AD9B949-7F4E-4E00-BDA3-7A0884875046}.Release|iPhoneSimulator.Build.0 = Release|Any CPU
		{9AD9B949-7F4E-4E00-BDA3-7A0884875046}.Release|x64.ActiveCfg = Release|Any CPU
		{9AD9B949-7F4E-4E00-BDA3-7A0884875046}.Release|x64.Build.0 = Release|Any CPU
		{9AD9B949-7F4E-4E00-BDA3-7A0884875046}.Release|x86.ActiveCfg = Release|Any CPU
		{9AD9B949-7F4E-4E00-BDA3-7A0884875046}.Release|x86.Build.0 = Release|Any CPU
		{66B35F7A-F61A-495A-B9FB-82EC0CDACAC5}.Ad-Hoc|Any CPU.ActiveCfg = Release|Any CPU
		{66B35F7A-F61A-495A-B9FB-82EC0CDACAC5}.Ad-Hoc|Any CPU.Build.0 = Release|Any CPU
		{66B35F7A-F61A-495A-B9FB-82EC0CDACAC5}.Ad-Hoc|ARM.ActiveCfg = Release|Any CPU
		{66B35F7A-F61A-495A-B9FB-82EC0CDACAC5}.Ad-Hoc|ARM.Build.0 = Release|Any CPU
		{66B35F7A-F61A-495A-B9FB-82EC0CDACAC5}.Ad-Hoc|iPhone.ActiveCfg = Release|Any CPU
		{66B35F7A-F61A-495A-B9FB-82EC0CDACAC5}.Ad-Hoc|iPhone.Build.0 = Release|Any CPU
		{66B35F7A-F61A-495A-B9FB-82EC0CDACAC5}.Ad-Hoc|iPhoneSimulator.ActiveCfg = Release|Any CPU
		{66B35F7A-F61A-495A-B9FB-82EC0CDACAC5}.Ad-Hoc|iPhoneSimulator.Build.0 = Release|Any CPU
		{66B35F7A-F61A-495A-B9FB-82EC0CDACAC5}.Ad-Hoc|x64.ActiveCfg = Release|Any CPU
		{66B35F7A-F61A-495A-B9FB-82EC0CDACAC5}.Ad-Hoc|x64.Build.0 = Release|Any CPU
		{66B35F7A-F61A-495A-B9FB-82EC0CDACAC5}.Ad-Hoc|x86.ActiveCfg = Release|Any CPU
		{66B35F7A-F61A-495A-B9FB-82EC0CDACAC5}.Ad-Hoc|x86.Build.0 = Release|Any CPU
		{66B35F7A-F61A-495A-B9FB-82EC0CDACAC5}.AppStore|Any CPU.ActiveCfg = Release|Any CPU
		{66B35F7A-F61A-495A-B9FB-82EC0CDACAC5}.AppStore|Any CPU.Build.0 = Release|Any CPU
		{66B35F7A-F61A-495A-B9FB-82EC0CDACAC5}.AppStore|ARM.ActiveCfg = Release|Any CPU
		{66B35F7A-F61A-495A-B9FB-82EC0CDACAC5}.AppStore|ARM.Build.0 = Release|Any CPU
		{66B35F7A-F61A-495A-B9FB-82EC0CDACAC5}.AppStore|iPhone.ActiveCfg = Release|Any CPU
		{66B35F7A-F61A-495A-B9FB-82EC0CDACAC5}.AppStore|iPhone.Build.0 = Release|Any CPU
		{66B35F7A-F61A-495A-B9FB-82EC0CDACAC5}.AppStore|iPhoneSimulator.ActiveCfg = Release|Any CPU
		{66B35F7A-F61A-495A-B9FB-82EC0CDACAC5}.AppStore|iPhoneSimulator.Build.0 = Release|Any CPU
		{66B35F7A-F61A-495A-B9FB-82EC0CDACAC5}.AppStore|x64.ActiveCfg = Release|Any CPU
		{66B35F7A-F61A-495A-B9FB-82EC0CDACAC5}.AppStore|x64.Build.0 = Release|Any CPU
		{66B35F7A-F61A-495A-B9FB-82EC0CDACAC5}.AppStore|x86.ActiveCfg = Release|Any CPU
		{66B35F7A-F61A-495A-B9FB-82EC0CDACAC5}.AppStore|x86.Build.0 = Release|Any CPU
		{66B35F7A-F61A-495A-B9FB-82EC0CDACAC5}.Debug|Any CPU.ActiveCfg = Debug|Any CPU
		{66B35F7A-F61A-495A-B9FB-82EC0CDACAC5}.Debug|Any CPU.Build.0 = Debug|Any CPU
		{66B35F7A-F61A-495A-B9FB-82EC0CDACAC5}.Debug|ARM.ActiveCfg = Debug|Any CPU
		{66B35F7A-F61A-495A-B9FB-82EC0CDACAC5}.Debug|ARM.Build.0 = Debug|Any CPU
		{66B35F7A-F61A-495A-B9FB-82EC0CDACAC5}.Debug|iPhone.ActiveCfg = Debug|Any CPU
		{66B35F7A-F61A-495A-B9FB-82EC0CDACAC5}.Debug|iPhone.Build.0 = Debug|Any CPU
		{66B35F7A-F61A-495A-B9FB-82EC0CDACAC5}.Debug|iPhoneSimulator.ActiveCfg = Debug|Any CPU
		{66B35F7A-F61A-495A-B9FB-82EC0CDACAC5}.Debug|iPhoneSimulator.Build.0 = Debug|Any CPU
		{66B35F7A-F61A-495A-B9FB-82EC0CDACAC5}.Debug|x64.ActiveCfg = Debug|Any CPU
		{66B35F7A-F61A-495A-B9FB-82EC0CDACAC5}.Debug|x64.Build.0 = Debug|Any CPU
		{66B35F7A-F61A-495A-B9FB-82EC0CDACAC5}.Debug|x86.ActiveCfg = Debug|Any CPU
		{66B35F7A-F61A-495A-B9FB-82EC0CDACAC5}.Debug|x86.Build.0 = Debug|Any CPU
		{66B35F7A-F61A-495A-B9FB-82EC0CDACAC5}.Release|Any CPU.ActiveCfg = Release|Any CPU
		{66B35F7A-F61A-495A-B9FB-82EC0CDACAC5}.Release|Any CPU.Build.0 = Release|Any CPU
		{66B35F7A-F61A-495A-B9FB-82EC0CDACAC5}.Release|ARM.ActiveCfg = Release|Any CPU
		{66B35F7A-F61A-495A-B9FB-82EC0CDACAC5}.Release|ARM.Build.0 = Release|Any CPU
		{66B35F7A-F61A-495A-B9FB-82EC0CDACAC5}.Release|iPhone.ActiveCfg = Release|Any CPU
		{66B35F7A-F61A-495A-B9FB-82EC0CDACAC5}.Release|iPhone.Build.0 = Release|Any CPU
		{66B35F7A-F61A-495A-B9FB-82EC0CDACAC5}.Release|iPhoneSimulator.ActiveCfg = Release|Any CPU
		{66B35F7A-F61A-495A-B9FB-82EC0CDACAC5}.Release|iPhoneSimulator.Build.0 = Release|Any CPU
		{66B35F7A-F61A-495A-B9FB-82EC0CDACAC5}.Release|x64.ActiveCfg = Release|Any CPU
		{66B35F7A-F61A-495A-B9FB-82EC0CDACAC5}.Release|x64.Build.0 = Release|Any CPU
		{66B35F7A-F61A-495A-B9FB-82EC0CDACAC5}.Release|x86.ActiveCfg = Release|Any CPU
		{66B35F7A-F61A-495A-B9FB-82EC0CDACAC5}.Release|x86.Build.0 = Release|Any CPU
		{2E00EC40-83FA-4FD5-A2FF-2DD81FA8F835}.Ad-Hoc|Any CPU.ActiveCfg = Release|Any CPU
		{2E00EC40-83FA-4FD5-A2FF-2DD81FA8F835}.Ad-Hoc|Any CPU.Build.0 = Release|Any CPU
		{2E00EC40-83FA-4FD5-A2FF-2DD81FA8F835}.Ad-Hoc|ARM.ActiveCfg = Release|Any CPU
		{2E00EC40-83FA-4FD5-A2FF-2DD81FA8F835}.Ad-Hoc|ARM.Build.0 = Release|Any CPU
		{2E00EC40-83FA-4FD5-A2FF-2DD81FA8F835}.Ad-Hoc|iPhone.ActiveCfg = Release|Any CPU
		{2E00EC40-83FA-4FD5-A2FF-2DD81FA8F835}.Ad-Hoc|iPhone.Build.0 = Release|Any CPU
		{2E00EC40-83FA-4FD5-A2FF-2DD81FA8F835}.Ad-Hoc|iPhoneSimulator.ActiveCfg = Release|Any CPU
		{2E00EC40-83FA-4FD5-A2FF-2DD81FA8F835}.Ad-Hoc|iPhoneSimulator.Build.0 = Release|Any CPU
		{2E00EC40-83FA-4FD5-A2FF-2DD81FA8F835}.Ad-Hoc|x64.ActiveCfg = Release|Any CPU
		{2E00EC40-83FA-4FD5-A2FF-2DD81FA8F835}.Ad-Hoc|x64.Build.0 = Release|Any CPU
		{2E00EC40-83FA-4FD5-A2FF-2DD81FA8F835}.Ad-Hoc|x86.ActiveCfg = Release|Any CPU
		{2E00EC40-83FA-4FD5-A2FF-2DD81FA8F835}.Ad-Hoc|x86.Build.0 = Release|Any CPU
		{2E00EC40-83FA-4FD5-A2FF-2DD81FA8F835}.AppStore|Any CPU.ActiveCfg = Release|Any CPU
		{2E00EC40-83FA-4FD5-A2FF-2DD81FA8F835}.AppStore|Any CPU.Build.0 = Release|Any CPU
		{2E00EC40-83FA-4FD5-A2FF-2DD81FA8F835}.AppStore|ARM.ActiveCfg = Release|Any CPU
		{2E00EC40-83FA-4FD5-A2FF-2DD81FA8F835}.AppStore|ARM.Build.0 = Release|Any CPU
		{2E00EC40-83FA-4FD5-A2FF-2DD81FA8F835}.AppStore|iPhone.ActiveCfg = Release|Any CPU
		{2E00EC40-83FA-4FD5-A2FF-2DD81FA8F835}.AppStore|iPhone.Build.0 = Release|Any CPU
		{2E00EC40-83FA-4FD5-A2FF-2DD81FA8F835}.AppStore|iPhoneSimulator.ActiveCfg = Release|Any CPU
		{2E00EC40-83FA-4FD5-A2FF-2DD81FA8F835}.AppStore|iPhoneSimulator.Build.0 = Release|Any CPU
		{2E00EC40-83FA-4FD5-A2FF-2DD81FA8F835}.AppStore|x64.ActiveCfg = Release|Any CPU
		{2E00EC40-83FA-4FD5-A2FF-2DD81FA8F835}.AppStore|x64.Build.0 = Release|Any CPU
		{2E00EC40-83FA-4FD5-A2FF-2DD81FA8F835}.AppStore|x86.ActiveCfg = Release|Any CPU
		{2E00EC40-83FA-4FD5-A2FF-2DD81FA8F835}.AppStore|x86.Build.0 = Release|Any CPU
		{2E00EC40-83FA-4FD5-A2FF-2DD81FA8F835}.Debug|Any CPU.ActiveCfg = Debug|Any CPU
		{2E00EC40-83FA-4FD5-A2FF-2DD81FA8F835}.Debug|Any CPU.Build.0 = Debug|Any CPU
		{2E00EC40-83FA-4FD5-A2FF-2DD81FA8F835}.Debug|ARM.ActiveCfg = Debug|Any CPU
		{2E00EC40-83FA-4FD5-A2FF-2DD81FA8F835}.Debug|ARM.Build.0 = Debug|Any CPU
		{2E00EC40-83FA-4FD5-A2FF-2DD81FA8F835}.Debug|iPhone.ActiveCfg = Debug|Any CPU
		{2E00EC40-83FA-4FD5-A2FF-2DD81FA8F835}.Debug|iPhone.Build.0 = Debug|Any CPU
		{2E00EC40-83FA-4FD5-A2FF-2DD81FA8F835}.Debug|iPhoneSimulator.ActiveCfg = Debug|Any CPU
		{2E00EC40-83FA-4FD5-A2FF-2DD81FA8F835}.Debug|iPhoneSimulator.Build.0 = Debug|Any CPU
		{2E00EC40-83FA-4FD5-A2FF-2DD81FA8F835}.Debug|x64.ActiveCfg = Debug|Any CPU
		{2E00EC40-83FA-4FD5-A2FF-2DD81FA8F835}.Debug|x64.Build.0 = Debug|Any CPU
		{2E00EC40-83FA-4FD5-A2FF-2DD81FA8F835}.Debug|x86.ActiveCfg = Debug|Any CPU
		{2E00EC40-83FA-4FD5-A2FF-2DD81FA8F835}.Debug|x86.Build.0 = Debug|Any CPU
		{2E00EC40-83FA-4FD5-A2FF-2DD81FA8F835}.Release|Any CPU.ActiveCfg = Release|Any CPU
		{2E00EC40-83FA-4FD5-A2FF-2DD81FA8F835}.Release|Any CPU.Build.0 = Release|Any CPU
		{2E00EC40-83FA-4FD5-A2FF-2DD81FA8F835}.Release|ARM.ActiveCfg = Release|Any CPU
		{2E00EC40-83FA-4FD5-A2FF-2DD81FA8F835}.Release|ARM.Build.0 = Release|Any CPU
		{2E00EC40-83FA-4FD5-A2FF-2DD81FA8F835}.Release|iPhone.ActiveCfg = Release|Any CPU
		{2E00EC40-83FA-4FD5-A2FF-2DD81FA8F835}.Release|iPhone.Build.0 = Release|Any CPU
		{2E00EC40-83FA-4FD5-A2FF-2DD81FA8F835}.Release|iPhoneSimulator.ActiveCfg = Release|Any CPU
		{2E00EC40-83FA-4FD5-A2FF-2DD81FA8F835}.Release|iPhoneSimulator.Build.0 = Release|Any CPU
		{2E00EC40-83FA-4FD5-A2FF-2DD81FA8F835}.Release|x64.ActiveCfg = Release|Any CPU
		{2E00EC40-83FA-4FD5-A2FF-2DD81FA8F835}.Release|x64.Build.0 = Release|Any CPU
		{2E00EC40-83FA-4FD5-A2FF-2DD81FA8F835}.Release|x86.ActiveCfg = Release|Any CPU
		{2E00EC40-83FA-4FD5-A2FF-2DD81FA8F835}.Release|x86.Build.0 = Release|Any CPU
	EndGlobalSection
	GlobalSection(SolutionProperties) = preSolution
		HideSolutionNode = FALSE
	EndGlobalSection
	GlobalSection(ExtensibilityGlobals) = postSolution
		SolutionGuid = {159E210A-D620-47B3-9B7F-2BE4176325B9}
	EndGlobalSection
EndGlobal
